// !$*UTF8*$!
{
	archiveVersion = 1;
	classes = {
	};
	objectVersion = 56;
	objects = {

/* Begin PBXBuildFile section */
		7034A7AB2AA8D0BB00FB1223 /* EmojiCell.swift in Sources */ = {isa = PBXBuildFile; fileRef = 7034A7AA2AA8D0BB00FB1223 /* EmojiCell.swift */; };
		7034A7AF2AA8D13100FB1223 /* UICollectionViewCell.swift in Sources */ = {isa = PBXBuildFile; fileRef = 7034A7AE2AA8D13100FB1223 /* UICollectionViewCell.swift */; };
		7034A7B12AA8D18400FB1223 /* EmojiDetailViewController.swift in Sources */ = {isa = PBXBuildFile; fileRef = 7034A7B02AA8D18400FB1223 /* EmojiDetailViewController.swift */; };
		7034A7B32AA8D31000FB1223 /* Emoji.swift in Sources */ = {isa = PBXBuildFile; fileRef = 7034A7B22AA8D31000FB1223 /* Emoji.swift */; };
		7034A7B52AA8DAD300FB1223 /* DataSource.swift in Sources */ = {isa = PBXBuildFile; fileRef = 7034A7B42AA8DAD300FB1223 /* DataSource.swift */; };
		7034A7B92AA8E2F800FB1223 /* EmojiHeaderView.swift in Sources */ = {isa = PBXBuildFile; fileRef = 7034A7B82AA8E2F800FB1223 /* EmojiHeaderView.swift */; };
		7034A7BB2AA8E32400FB1223 /* UICollectionReusableView.swift in Sources */ = {isa = PBXBuildFile; fileRef = 7034A7BA2AA8E32400FB1223 /* UICollectionReusableView.swift */; };
		709509F82AA8CD2A004DF63C /* AppDelegate.swift in Sources */ = {isa = PBXBuildFile; fileRef = 709509F72AA8CD2A004DF63C /* AppDelegate.swift */; };
		709509FA2AA8CD2A004DF63C /* SceneDelegate.swift in Sources */ = {isa = PBXBuildFile; fileRef = 709509F92AA8CD2A004DF63C /* SceneDelegate.swift */; };
		709509FC2AA8CD2A004DF63C /* HomeViewController.swift in Sources */ = {isa = PBXBuildFile; fileRef = 709509FB2AA8CD2A004DF63C /* HomeViewController.swift */; };
		70950A012AA8CD2B004DF63C /* Assets.xcassets in Resources */ = {isa = PBXBuildFile; fileRef = 70950A002AA8CD2B004DF63C /* Assets.xcassets */; };
		BCA2E4DCDC7123D052B9B83F /* Pods_CollectionViewOld.framework in Frameworks */ = {isa = PBXBuildFile; fileRef = 053AAA9CBBF4DC860818668B /* Pods_CollectionViewOld.framework */; };
/* End PBXBuildFile section */

/* Begin PBXFileReference section */
		053AAA9CBBF4DC860818668B /* Pods_CollectionViewOld.framework */ = {isa = PBXFileReference; explicitFileType = wrapper.framework; includeInIndex = 0; path = Pods_CollectionViewOld.framework; sourceTree = BUILT_PRODUCTS_DIR; };
		7034A7AA2AA8D0BB00FB1223 /* EmojiCell.swift */ = {isa = PBXFileReference; lastKnownFileType = sourcecode.swift; path = EmojiCell.swift; sourceTree = "<group>"; };
		7034A7AE2AA8D13100FB1223 /* UICollectionViewCell.swift */ = {isa = PBXFileReference; lastKnownFileType = sourcecode.swift; path = UICollectionViewCell.swift; sourceTree = "<group>"; };
		7034A7B02AA8D18400FB1223 /* EmojiDetailViewController.swift */ = {isa = PBXFileReference; lastKnownFileType = sourcecode.swift; path = EmojiDetailViewController.swift; sourceTree = "<group>"; };
		7034A7B22AA8D31000FB1223 /* Emoji.swift */ = {isa = PBXFileReference; fileEncoding = 4; lastKnownFileType = sourcecode.swift; path = Emoji.swift; sourceTree = "<group>"; };
		7034A7B42AA8DAD300FB1223 /* DataSource.swift */ = {isa = PBXFileReference; lastKnownFileType = sourcecode.swift; path = DataSource.swift; sourceTree = "<group>"; };
		7034A7B82AA8E2F800FB1223 /* EmojiHeaderView.swift */ = {isa = PBXFileReference; lastKnownFileType = sourcecode.swift; path = EmojiHeaderView.swift; sourceTree = "<group>"; };
		7034A7BA2AA8E32400FB1223 /* UICollectionReusableView.swift */ = {isa = PBXFileReference; lastKnownFileType = sourcecode.swift; path = UICollectionReusableView.swift; sourceTree = "<group>"; };
		709509F42AA8CD2A004DF63C /* CollectionViewOld.app */ = {isa = PBXFileReference; explicitFileType = wrapper.application; includeInIndex = 0; path = CollectionViewOld.app; sourceTree = BUILT_PRODUCTS_DIR; };
		709509F72AA8CD2A004DF63C /* AppDelegate.swift */ = {isa = PBXFileReference; lastKnownFileType = sourcecode.swift; path = AppDelegate.swift; sourceTree = "<group>"; };
		709509F92AA8CD2A004DF63C /* SceneDelegate.swift */ = {isa = PBXFileReference; lastKnownFileType = sourcecode.swift; path = SceneDelegate.swift; sourceTree = "<group>"; };
		709509FB2AA8CD2A004DF63C /* HomeViewController.swift */ = {isa = PBXFileReference; lastKnownFileType = sourcecode.swift; path = HomeViewController.swift; sourceTree = "<group>"; };
		70950A002AA8CD2B004DF63C /* Assets.xcassets */ = {isa = PBXFileReference; lastKnownFileType = folder.assetcatalog; path = Assets.xcassets; sourceTree = "<group>"; };
		70950A052AA8CD2B004DF63C /* Info.plist */ = {isa = PBXFileReference; lastKnownFileType = text.plist.xml; path = Info.plist; sourceTree = "<group>"; };
		85A2602A6C29DA164AA0717A /* Pods-CollectionViewOld.debug.xcconfig */ = {isa = PBXFileReference; includeInIndex = 1; lastKnownFileType = text.xcconfig; name = "Pods-CollectionViewOld.debug.xcconfig"; path = "Target Support Files/Pods-CollectionViewOld/Pods-CollectionViewOld.debug.xcconfig"; sourceTree = "<group>"; };
		FB7491BF5A546044636C782F /* Pods-CollectionViewOld.release.xcconfig */ = {isa = PBXFileReference; includeInIndex = 1; lastKnownFileType = text.xcconfig; name = "Pods-CollectionViewOld.release.xcconfig"; path = "Target Support Files/Pods-CollectionViewOld/Pods-CollectionViewOld.release.xcconfig"; sourceTree = "<group>"; };
/* End PBXFileReference section */

/* Begin PBXFrameworksBuildPhase section */
		709509F12AA8CD2A004DF63C /* Frameworks */ = {
			isa = PBXFrameworksBuildPhase;
			buildActionMask = 2147483647;
			files = (
				BCA2E4DCDC7123D052B9B83F /* Pods_CollectionViewOld.framework in Frameworks */,
			);
			runOnlyForDeploymentPostprocessing = 0;
		};
/* End PBXFrameworksBuildPhase section */

/* Begin PBXGroup section */
		6DEA04C1007252B6FD8387A6 /* Frameworks */ = {
			isa = PBXGroup;
			children = (
				053AAA9CBBF4DC860818668B /* Pods_CollectionViewOld.framework */,
			);
			name = Frameworks;
			sourceTree = "<group>";
		};
		7034A7A82AA8D0AA00FB1223 /* View */ = {
			isa = PBXGroup;
			children = (
				7034A7A92AA8D0B100FB1223 /* Cell */,
				7034A7B82AA8E2F800FB1223 /* EmojiHeaderView.swift */,
			);
			path = View;
			sourceTree = "<group>";
		};
		7034A7A92AA8D0B100FB1223 /* Cell */ = {
			isa = PBXGroup;
			children = (
				7034A7AA2AA8D0BB00FB1223 /* EmojiCell.swift */,
			);
			path = Cell;
			sourceTree = "<group>";
		};
		7034A7AC2AA8D0EF00FB1223 /* Model */ = {
			isa = PBXGroup;
			children = (
				7034A7B22AA8D31000FB1223 /* Emoji.swift */,
				7034A7B42AA8DAD300FB1223 /* DataSource.swift */,
			);
			path = Model;
			sourceTree = "<group>";
		};
		7034A7AD2AA8D0F900FB1223 /* Extension */ = {
			isa = PBXGroup;
			children = (
				7034A7AE2AA8D13100FB1223 /* UICollectionViewCell.swift */,
				7034A7BA2AA8E32400FB1223 /* UICollectionReusableView.swift */,
			);
			path = Extension;
			sourceTree = "<group>";
		};
		709509EB2AA8CD2A004DF63C = {
			isa = PBXGroup;
			children = (
				709509F62AA8CD2A004DF63C /* CollectionViewOld */,
				709509F52AA8CD2A004DF63C /* Products */,
				C52E263CC8B4E1993327B0A6 /* Pods */,
				6DEA04C1007252B6FD8387A6 /* Frameworks */,
			);
			sourceTree = "<group>";
		};
		709509F52AA8CD2A004DF63C /* Products */ = {
			isa = PBXGroup;
			children = (
				709509F42AA8CD2A004DF63C /* CollectionViewOld.app */,
			);
			name = Products;
			sourceTree = "<group>";
		};
		709509F62AA8CD2A004DF63C /* CollectionViewOld */ = {
			isa = PBXGroup;
			children = (
				7034A7AD2AA8D0F900FB1223 /* Extension */,
				7034A7AC2AA8D0EF00FB1223 /* Model */,
				7034A7A82AA8D0AA00FB1223 /* View */,
				70950A0C2AA8CE2A004DF63C /* ViewController */,
				70950A0B2AA8CE21004DF63C /* Delegate */,
				70950A002AA8CD2B004DF63C /* Assets.xcassets */,
				70950A052AA8CD2B004DF63C /* Info.plist */,
			);
			path = CollectionViewOld;
			sourceTree = "<group>";
		};
		70950A0B2AA8CE21004DF63C /* Delegate */ = {
			isa = PBXGroup;
			children = (
				709509F72AA8CD2A004DF63C /* AppDelegate.swift */,
				709509F92AA8CD2A004DF63C /* SceneDelegate.swift */,
			);
			path = Delegate;
			sourceTree = "<group>";
		};
		70950A0C2AA8CE2A004DF63C /* ViewController */ = {
			isa = PBXGroup;
			children = (
				709509FB2AA8CD2A004DF63C /* HomeViewController.swift */,
				7034A7B02AA8D18400FB1223 /* EmojiDetailViewController.swift */,
			);
			path = ViewController;
			sourceTree = "<group>";
		};
		C52E263CC8B4E1993327B0A6 /* Pods */ = {
			isa = PBXGroup;
			children = (
				85A2602A6C29DA164AA0717A /* Pods-CollectionViewOld.debug.xcconfig */,
				FB7491BF5A546044636C782F /* Pods-CollectionViewOld.release.xcconfig */,
			);
			path = Pods;
			sourceTree = "<group>";
		};
/* End PBXGroup section */

/* Begin PBXNativeTarget section */
		709509F32AA8CD2A004DF63C /* CollectionViewOld */ = {
			isa = PBXNativeTarget;
			buildConfigurationList = 70950A082AA8CD2B004DF63C /* Build configuration list for PBXNativeTarget "CollectionViewOld" */;
			buildPhases = (
				166BAD2E3AF396946B2DC091 /* [CP] Check Pods Manifest.lock */,
				709509F02AA8CD2A004DF63C /* Sources */,
				709509F12AA8CD2A004DF63C /* Frameworks */,
				709509F22AA8CD2A004DF63C /* Resources */,
				078410CD5CBD513A27211030 /* [CP] Embed Pods Frameworks */,
			);
			buildRules = (
			);
			dependencies = (
			);
			name = CollectionViewOld;
			productName = CollectionViewOld;
			productReference = 709509F42AA8CD2A004DF63C /* CollectionViewOld.app */;
			productType = "com.apple.product-type.application";
		};
/* End PBXNativeTarget section */

/* Begin PBXProject section */
		709509EC2AA8CD2A004DF63C /* Project object */ = {
			isa = PBXProject;
			attributes = {
				BuildIndependentTargetsInParallel = 1;
				LastSwiftUpdateCheck = 1430;
				LastUpgradeCheck = 1430;
				TargetAttributes = {
					709509F32AA8CD2A004DF63C = {
						CreatedOnToolsVersion = 14.3;
					};
				};
			};
			buildConfigurationList = 709509EF2AA8CD2A004DF63C /* Build configuration list for PBXProject "CollectionViewOld" */;
			compatibilityVersion = "Xcode 14.0";
			developmentRegion = en;
			hasScannedForEncodings = 0;
			knownRegions = (
				en,
				Base,
			);
			mainGroup = 709509EB2AA8CD2A004DF63C;
			productRefGroup = 709509F52AA8CD2A004DF63C /* Products */;
			projectDirPath = "";
			projectRoot = "";
			targets = (
				709509F32AA8CD2A004DF63C /* CollectionViewOld */,
			);
		};
/* End PBXProject section */

/* Begin PBXResourcesBuildPhase section */
		709509F22AA8CD2A004DF63C /* Resources */ = {
			isa = PBXResourcesBuildPhase;
			buildActionMask = 2147483647;
			files = (
				70950A012AA8CD2B004DF63C /* Assets.xcassets in Resources */,
			);
			runOnlyForDeploymentPostprocessing = 0;
		};
/* End PBXResourcesBuildPhase section */

/* Begin PBXShellScriptBuildPhase section */
		078410CD5CBD513A27211030 /* [CP] Embed Pods Frameworks */ = {
			isa = PBXShellScriptBuildPhase;
			buildActionMask = 2147483647;
			files = (
			);
			inputFileListPaths = (
				"${PODS_ROOT}/Target Support Files/Pods-CollectionViewOld/Pods-CollectionViewOld-frameworks-${CONFIGURATION}-input-files.xcfilelist",
			);
			name = "[CP] Embed Pods Frameworks";
			outputFileListPaths = (
				"${PODS_ROOT}/Target Support Files/Pods-CollectionViewOld/Pods-CollectionViewOld-frameworks-${CONFIGURATION}-output-files.xcfilelist",
			);
			runOnlyForDeploymentPostprocessing = 0;
			shellPath = /bin/sh;
			shellScript = "\"${PODS_ROOT}/Target Support Files/Pods-CollectionViewOld/Pods-CollectionViewOld-frameworks.sh\"\n";
			showEnvVarsInLog = 0;
		};
		166BAD2E3AF396946B2DC091 /* [CP] Check Pods Manifest.lock */ = {
			isa = PBXShellScriptBuildPhase;
			buildActionMask = 2147483647;
			files = (
			);
			inputFileListPaths = (
			);
			inputPaths = (
				"${PODS_PODFILE_DIR_PATH}/Podfile.lock",
				"${PODS_ROOT}/Manifest.lock",
			);
			name = "[CP] Check Pods Manifest.lock";
			outputFileListPaths = (
			);
			outputPaths = (
				"$(DERIVED_FILE_DIR)/Pods-CollectionViewOld-checkManifestLockResult.txt",
			);
			runOnlyForDeploymentPostprocessing = 0;
			shellPath = /bin/sh;
			shellScript = "diff \"${PODS_PODFILE_DIR_PATH}/Podfile.lock\" \"${PODS_ROOT}/Manifest.lock\" > /dev/null\nif [ $? != 0 ] ; then\n    # print error to STDERR\n    echo \"error: The sandbox is not in sync with the Podfile.lock. Run 'pod install' or update your CocoaPods installation.\" >&2\n    exit 1\nfi\n# This output is used by Xcode 'outputs' to avoid re-running this script phase.\necho \"SUCCESS\" > \"${SCRIPT_OUTPUT_FILE_0}\"\n";
			showEnvVarsInLog = 0;
		};
/* End PBXShellScriptBuildPhase section */

/* Begin PBXSourcesBuildPhase section */
		709509F02AA8CD2A004DF63C /* Sources */ = {
			isa = PBXSourcesBuildPhase;
			buildActionMask = 2147483647;
			files = (
				709509FC2AA8CD2A004DF63C /* HomeViewController.swift in Sources */,
				709509F82AA8CD2A004DF63C /* AppDelegate.swift in Sources */,
				7034A7AF2AA8D13100FB1223 /* UICollectionViewCell.swift in Sources */,
				7034A7AB2AA8D0BB00FB1223 /* EmojiCell.swift in Sources */,
				7034A7B32AA8D31000FB1223 /* Emoji.swift in Sources */,
				7034A7B92AA8E2F800FB1223 /* EmojiHeaderView.swift in Sources */,
				7034A7B12AA8D18400FB1223 /* EmojiDetailViewController.swift in Sources */,
				7034A7B52AA8DAD300FB1223 /* DataSource.swift in Sources */,
				7034A7BB2AA8E32400FB1223 /* UICollectionReusableView.swift in Sources */,
				709509FA2AA8CD2A004DF63C /* SceneDelegate.swift in Sources */,
			);
			runOnlyForDeploymentPostprocessing = 0;
		};
/* End PBXSourcesBuildPhase section */

/* Begin XCBuildConfiguration section */
		70950A062AA8CD2B004DF63C /* Debug */ = {
			isa = XCBuildConfiguration;
			buildSettings = {
				ALWAYS_SEARCH_USER_PATHS = NO;
				CLANG_ANALYZER_NONNULL = YES;
				CLANG_ANALYZER_NUMBER_OBJECT_CONVERSION = YES_AGGRESSIVE;
				CLANG_CXX_LANGUAGE_STANDARD = "gnu++20";
				CLANG_ENABLE_MODULES = YES;
				CLANG_ENABLE_OBJC_ARC = YES;
				CLANG_ENABLE_OBJC_WEAK = YES;
				CLANG_WARN_BLOCK_CAPTURE_AUTORELEASING = YES;
				CLANG_WARN_BOOL_CONVERSION = YES;
				CLANG_WARN_COMMA = YES;
				CLANG_WARN_CONSTANT_CONVERSION = YES;
				CLANG_WARN_DEPRECATED_OBJC_IMPLEMENTATIONS = YES;
				CLANG_WARN_DIRECT_OBJC_ISA_USAGE = YES_ERROR;
				CLANG_WARN_DOCUMENTATION_COMMENTS = YES;
				CLANG_WARN_EMPTY_BODY = YES;
				CLANG_WARN_ENUM_CONVERSION = YES;
				CLANG_WARN_INFINITE_RECURSION = YES;
				CLANG_WARN_INT_CONVERSION = YES;
				CLANG_WARN_NON_LITERAL_NULL_CONVERSION = YES;
				CLANG_WARN_OBJC_IMPLICIT_RETAIN_SELF = YES;
				CLANG_WARN_OBJC_LITERAL_CONVERSION = YES;
				CLANG_WARN_OBJC_ROOT_CLASS = YES_ERROR;
				CLANG_WARN_QUOTED_INCLUDE_IN_FRAMEWORK_HEADER = YES;
				CLANG_WARN_RANGE_LOOP_ANALYSIS = YES;
				CLANG_WARN_STRICT_PROTOTYPES = YES;
				CLANG_WARN_SUSPICIOUS_MOVE = YES;
				CLANG_WARN_UNGUARDED_AVAILABILITY = YES_AGGRESSIVE;
				CLANG_WARN_UNREACHABLE_CODE = YES;
				CLANG_WARN__DUPLICATE_METHOD_MATCH = YES;
				COPY_PHASE_STRIP = NO;
				DEBUG_INFORMATION_FORMAT = dwarf;
				ENABLE_STRICT_OBJC_MSGSEND = YES;
				ENABLE_TESTABILITY = YES;
				GCC_C_LANGUAGE_STANDARD = gnu11;
				GCC_DYNAMIC_NO_PIC = NO;
				GCC_NO_COMMON_BLOCKS = YES;
				GCC_OPTIMIZATION_LEVEL = 0;
				GCC_PREPROCESSOR_DEFINITIONS = (
					"DEBUG=1",
					"$(inherited)",
				);
				GCC_WARN_64_TO_32_BIT_CONVERSION = YES;
				GCC_WARN_ABOUT_RETURN_TYPE = YES_ERROR;
				GCC_WARN_UNDECLARED_SELECTOR = YES;
				GCC_WARN_UNINITIALIZED_AUTOS = YES_AGGRESSIVE;
				GCC_WARN_UNUSED_FUNCTION = YES;
				GCC_WARN_UNUSED_VARIABLE = YES;
				IPHONEOS_DEPLOYMENT_TARGET = 16.4;
				MTL_ENABLE_DEBUG_INFO = INCLUDE_SOURCE;
				MTL_FAST_MATH = YES;
				ONLY_ACTIVE_ARCH = YES;
				SDKROOT = iphoneos;
				SWIFT_ACTIVE_COMPILATION_CONDITIONS = DEBUG;
				SWIFT_OPTIMIZATION_LEVEL = "-Onone";
			};
			name = Debug;
		};
		70950A072AA8CD2B004DF63C /* Release */ = {
			isa = XCBuildConfiguration;
			buildSettings = {
				ALWAYS_SEARCH_USER_PATHS = NO;
				CLANG_ANALYZER_NONNULL = YES;
				CLANG_ANALYZER_NUMBER_OBJECT_CONVERSION = YES_AGGRESSIVE;
				CLANG_CXX_LANGUAGE_STANDARD = "gnu++20";
				CLANG_ENABLE_MODULES = YES;
				CLANG_ENABLE_OBJC_ARC = YES;
				CLANG_ENABLE_OBJC_WEAK = YES;
				CLANG_WARN_BLOCK_CAPTURE_AUTORELEASING = YES;
				CLANG_WARN_BOOL_CONVERSION = YES;
				CLANG_WARN_COMMA = YES;
				CLANG_WARN_CONSTANT_CONVERSION = YES;
				CLANG_WARN_DEPRECATED_OBJC_IMPLEMENTATIONS = YES;
				CLANG_WARN_DIRECT_OBJC_ISA_USAGE = YES_ERROR;
				CLANG_WARN_DOCUMENTATION_COMMENTS = YES;
				CLANG_WARN_EMPTY_BODY = YES;
				CLANG_WARN_ENUM_CONVERSION = YES;
				CLANG_WARN_INFINITE_RECURSION = YES;
				CLANG_WARN_INT_CONVERSION = YES;
				CLANG_WARN_NON_LITERAL_NULL_CONVERSION = YES;
				CLANG_WARN_OBJC_IMPLICIT_RETAIN_SELF = YES;
				CLANG_WARN_OBJC_LITERAL_CONVERSION = YES;
				CLANG_WARN_OBJC_ROOT_CLASS = YES_ERROR;
				CLANG_WARN_QUOTED_INCLUDE_IN_FRAMEWORK_HEADER = YES;
				CLANG_WARN_RANGE_LOOP_ANALYSIS = YES;
				CLANG_WARN_STRICT_PROTOTYPES = YES;
				CLANG_WARN_SUSPICIOUS_MOVE = YES;
				CLANG_WARN_UNGUARDED_AVAILABILITY = YES_AGGRESSIVE;
				CLANG_WARN_UNREACHABLE_CODE = YES;
				CLANG_WARN__DUPLICATE_METHOD_MATCH = YES;
				COPY_PHASE_STRIP = NO;
				DEBUG_INFORMATION_FORMAT = "dwarf-with-dsym";
				ENABLE_NS_ASSERTIONS = NO;
				ENABLE_STRICT_OBJC_MSGSEND = YES;
				GCC_C_LANGUAGE_STANDARD = gnu11;
				GCC_NO_COMMON_BLOCKS = YES;
				GCC_WARN_64_TO_32_BIT_CONVERSION = YES;
				GCC_WARN_ABOUT_RETURN_TYPE = YES_ERROR;
				GCC_WARN_UNDECLARED_SELECTOR = YES;
				GCC_WARN_UNINITIALIZED_AUTOS = YES_AGGRESSIVE;
				GCC_WARN_UNUSED_FUNCTION = YES;
				GCC_WARN_UNUSED_VARIABLE = YES;
				IPHONEOS_DEPLOYMENT_TARGET = 16.4;
				MTL_ENABLE_DEBUG_INFO = NO;
				MTL_FAST_MATH = YES;
				SDKROOT = iphoneos;
				SWIFT_COMPILATION_MODE = wholemodule;
				SWIFT_OPTIMIZATION_LEVEL = "-O";
				VALIDATE_PRODUCT = YES;
			};
			name = Release;
		};
		70950A092AA8CD2B004DF63C /* Debug */ = {
			isa = XCBuildConfiguration;
			baseConfigurationReference = 85A2602A6C29DA164AA0717A /* Pods-CollectionViewOld.debug.xcconfig */;
			buildSettings = {
				ASSETCATALOG_COMPILER_APPICON_NAME = AppIcon;
				ASSETCATALOG_COMPILER_GLOBAL_ACCENT_COLOR_NAME = AccentColor;
				CODE_SIGN_STYLE = Automatic;
				CURRENT_PROJECT_VERSION = 1;
				GENERATE_INFOPLIST_FILE = YES;
				INFOPLIST_FILE = CollectionViewOld/Info.plist;
				INFOPLIST_KEY_UIApplicationSupportsIndirectInputEvents = YES;
				INFOPLIST_KEY_UILaunchStoryboardName = LaunchScreen;
				INFOPLIST_KEY_UIMainStoryboardFile = "";
				INFOPLIST_KEY_UISupportedInterfaceOrientations_iPad = "UIInterfaceOrientationPortrait UIInterfaceOrientationPortraitUpsideDown UIInterfaceOrientationLandscapeLeft UIInterfaceOrientationLandscapeRight";
				INFOPLIST_KEY_UISupportedInterfaceOrientations_iPhone = "UIInterfaceOrientationPortrait UIInterfaceOrientationLandscapeLeft UIInterfaceOrientationLandscapeRight";
				IPHONEOS_DEPLOYMENT_TARGET = 15.0;
				LD_RUNPATH_SEARCH_PATHS = (
					"$(inherited)",
					"@executable_path/Frameworks",
				);
				MARKETING_VERSION = 1.0;
				PRODUCT_BUNDLE_IDENTIFIER = com.readmeapp.CollectionViewOld;
				PRODUCT_NAME = "$(TARGET_NAME)";
				SWIFT_EMIT_LOC_STRINGS = YES;
				SWIFT_VERSION = 5.0;
				TARGETED_DEVICE_FAMILY = "1,2";
			};
			name = Debug;
		};
		70950A0A2AA8CD2B004DF63C /* Release */ = {
			isa = XCBuildConfiguration;
			baseConfigurationReference = FB7491BF5A546044636C782F /* Pods-CollectionViewOld.release.xcconfig */;
			buildSettings = {
				ASSETCATALOG_COMPILER_APPICON_NAME = AppIcon;
				ASSETCATALOG_COMPILER_GLOBAL_ACCENT_COLOR_NAME = AccentColor;
				CODE_SIGN_STYLE = Automatic;
				CURRENT_PROJECT_VERSION = 1;
				GENERATE_INFOPLIST_FILE = YES;
				INFOPLIST_FILE = CollectionViewOld/Info.plist;
				INFOPLIST_KEY_UIApplicationSupportsIndirectInputEvents = YES;
				INFOPLIST_KEY_UILaunchStoryboardName = LaunchScreen;
				INFOPLIST_KEY_UIMainStoryboardFile = "";
				INFOPLIST_KEY_UISupportedInterfaceOrientations_iPad = "UIInterfaceOrientationPortrait UIInterfaceOrientationPortraitUpsideDown UIInterfaceOrientationLandscapeLeft UIInterfaceOrientationLandscapeRight";
				INFOPLIST_KEY_UISupportedInterfaceOrientations_iPhone = "UIInterfaceOrientationPortrait UIInterfaceOrientationLandscapeLeft UIInterfaceOrientationLandscapeRight";
				IPHONEOS_DEPLOYMENT_TARGET = 15.0;
				LD_RUNPATH_SEARCH_PATHS = (
					"$(inherited)",
					"@executable_path/Frameworks",
				);
				MARKETING_VERSION = 1.0;
				PRODUCT_BUNDLE_IDENTIFIER = com.readmeapp.CollectionViewOld;
				PRODUCT_NAME = "$(TARGET_NAME)";
				SWIFT_EMIT_LOC_STRINGS = YES;
				SWIFT_VERSION = 5.0;
				TARGETED_DEVICE_FAMILY = "1,2";
			};
			name = Release;
		};
/* End XCBuildConfiguration section */

/* Begin XCConfigurationList section */
		709509EF2AA8CD2A004DF63C /* Build configuration list for PBXProject "CollectionViewOld" */ = {
			isa = XCConfigurationList;
			buildConfigurations = (
				70950A062AA8CD2B004DF63C /* Debug */,
				70950A072AA8CD2B004DF63C /* Release */,
			);
			defaultConfigurationIsVisible = 0;
			defaultConfigurationName = Release;
		};
		70950A082AA8CD2B004DF63C /* Build configuration list for PBXNativeTarget "CollectionViewOld" */ = {
			isa = XCConfigurationList;
			buildConfigurations = (
				70950A092AA8CD2B004DF63C /* Debug */,
				70950A0A2AA8CD2B004DF63C /* Release */,
			);
			defaultConfigurationIsVisible = 0;
			defaultConfigurationName = Release;
		};
/* End XCConfigurationList section */
	};
	rootObject = 709509EC2AA8CD2A004DF63C /* Project object */;
}
